
Microsoft Visual Studio Solution File, Format Version 12.00
# Visual Studio Version 16
VisualStudioVersion = 16.0.29806.167
MinimumVisualStudioVersion = 10.0.40219.1
Project("{2150E333-8FDC-42A3-9474-1A3956D46DE8}") = "Client", "Client", "{CDD7C9A4-7019-4F6E-8B4A-C54AEBE4C277}"
EndProject
Project("{2150E333-8FDC-42A3-9474-1A3956D46DE8}") = "Users", "Users", "{642EA864-5F44-4262-B6F4-4E66F99B5B8F}"
EndProject
Project("{2150E333-8FDC-42A3-9474-1A3956D46DE8}") = "Picking", "Picking", "{D824E15F-DBB7-4D72-8AA3-DF73990F5B28}"
EndProject
Project("{9A19103F-16F7-4668-BE54-9A1E7A4F7556}") = "MicroClient", "Client\MicroClient\MicroClient\MicroClient.csproj", "{294206E3-73C8-4AA9-9F63-8E148FAB790A}"
EndProject
Project("{9A19103F-16F7-4668-BE54-9A1E7A4F7556}") = "MicroPicking", "Picking\MicroPicking\MicroPicking\MicroPicking.csproj", "{3B7A53DB-2F15-41D9-B0C2-32E00D55FE16}"
EndProject
Project("{9A19103F-16F7-4668-BE54-9A1E7A4F7556}") = "MicroUsers", "Users\MicroUsers\MicroUsers\MicroUsers.csproj", "{9711B64F-7E31-458E-BFB3-1E128C0F67B5}"
EndProject
Project("{2150E333-8FDC-42A3-9474-1A3956D46DE8}") = "EventBus", "EventBus", "{37FA325C-82E5-43C7-BAD1-630E4989A944}"
EndProject
Project("{9A19103F-16F7-4668-BE54-9A1E7A4F7556}") = "EventBusRabbitMQ", "EventBus\EventBusRabbitMQ\EventBusRabbitMQ\EventBusRabbitMQ.csproj", "{C4594A6C-DEDD-4F5D-A50C-D243A5F9AF8D}"
EndProject
Project("{2150E333-8FDC-42A3-9474-1A3956D46DE8}") = "Loading", "Loading", "{5B65A000-048C-4E52-93C0-C44BD9A9E156}"
EndProject
Project("{9A19103F-16F7-4668-BE54-9A1E7A4F7556}") = "MicroLoading", "Loading\MicroLoading\MicroLoading\MicroLoading.csproj", "{DB231AD2-8C43-4384-877B-3ADBA18BF983}"
EndProject
Global
	GlobalSection(SolutionConfigurationPlatforms) = preSolution
		Debug|Any CPU = Debug|Any CPU
		Release|Any CPU = Release|Any CPU
	EndGlobalSection
	GlobalSection(ProjectConfigurationPlatforms) = postSolution
		{294206E3-73C8-4AA9-9F63-8E148FAB790A}.Debug|Any CPU.ActiveCfg = Debug|Any CPU
		{294206E3-73C8-4AA9-9F63-8E148FAB790A}.Debug|Any CPU.Build.0 = Debug|Any CPU
		{294206E3-73C8-4AA9-9F63-8E148FAB790A}.Release|Any CPU.ActiveCfg = Release|Any CPU
		{294206E3-73C8-4AA9-9F63-8E148FAB790A}.Release|Any CPU.Build.0 = Release|Any CPU
		{3B7A53DB-2F15-41D9-B0C2-32E00D55FE16}.Debug|Any CPU.ActiveCfg = Debug|Any CPU
		{3B7A53DB-2F15-41D9-B0C2-32E00D55FE16}.Debug|Any CPU.Build.0 = Debug|Any CPU
		{3B7A53DB-2F15-41D9-B0C2-32E00D55FE16}.Release|Any CPU.ActiveCfg = Release|Any CPU
		{3B7A53DB-2F15-41D9-B0C2-32E00D55FE16}.Release|Any CPU.Build.0 = Release|Any CPU
		{9711B64F-7E31-458E-BFB3-1E128C0F67B5}.Debug|Any CPU.ActiveCfg = Debug|Any CPU
		{9711B64F-7E31-458E-BFB3-1E128C0F67B5}.Debug|Any CPU.Build.0 = Debug|Any CPU
		{9711B64F-7E31-458E-BFB3-1E128C0F67B5}.Release|Any CPU.ActiveCfg = Release|Any CPU
		{9711B64F-7E31-458E-BFB3-1E128C0F67B5}.Release|Any CPU.Build.0 = Release|Any CPU
		{C4594A6C-DEDD-4F5D-A50C-D243A5F9AF8D}.Debug|Any CPU.ActiveCfg = Debug|Any CPU
		{C4594A6C-DEDD-4F5D-A50C-D243A5F9AF8D}.Debug|Any CPU.Build.0 = Debug|Any CPU
		{C4594A6C-DEDD-4F5D-A50C-D243A5F9AF8D}.Release|Any CPU.ActiveCfg = Release|Any CPU
		{C4594A6C-DEDD-4F5D-A50C-D243A5F9AF8D}.Release|Any CPU.Build.0 = Release|Any CPU
		{DB231AD2-8C43-4384-877B-3ADBA18BF983}.Debug|Any CPU.ActiveCfg = Debug|Any CPU
		{DB231AD2-8C43-4384-877B-3ADBA18BF983}.Debug|Any CPU.Build.0 = Debug|Any CPU
		{DB231AD2-8C43-4384-877B-3ADBA18BF983}.Release|Any CPU.ActiveCfg = Release|Any CPU
		{DB231AD2-8C43-4384-877B-3ADBA18BF983}.Release|Any CPU.Build.0 = Release|Any CPU
	EndGlobalSection
	GlobalSection(SolutionProperties) = preSolution
		HideSolutionNode = FALSE
	EndGlobalSection
	GlobalSection(NestedProjects) = preSolution
		{294206E3-73C8-4AA9-9F63-8E148FAB790A} = {CDD7C9A4-7019-4F6E-8B4A-C54AEBE4C277}
		{3B7A53DB-2F15-41D9-B0C2-32E00D55FE16} = {D824E15F-DBB7-4D72-8AA3-DF73990F5B28}
		{9711B64F-7E31-458E-BFB3-1E128C0F67B5} = {642EA864-5F44-4262-B6F4-4E66F99B5B8F}
		{C4594A6C-DEDD-4F5D-A50C-D243A5F9AF8D} = {37FA325C-82E5-43C7-BAD1-630E4989A944}
		{DB231AD2-8C43-4384-877B-3ADBA18BF983} = {5B65A000-048C-4E52-93C0-C44BD9A9E156}
	EndGlobalSection
	GlobalSection(ExtensibilityGlobals) = postSolution
		SolutionGuid = {683810F6-E4BD-4B77-9596-86E258AECD3D}
	EndGlobalSection
EndGlobal
